
Microsoft Visual Studio Solution File, Format Version 12.00
# Visual Studio Version 16
VisualStudioVersion = 16.0.29306.81
MinimumVisualStudioVersion = 10.0.40219.1
Project("{888888A0-9F3D-457C-B088-3A5042F75D52}") = "spotify_access_refresh", "spotify_access_refresh.pyproj", "{CEF8B5E3-C81C-44AE-8483-AE4F2FF7819D}"
EndProject
Global
	GlobalSection(SolutionConfigurationPlatforms) = preSolution
		Debug|Any CPU = Debug|Any CPU
		Release|Any CPU = Release|Any CPU
	EndGlobalSection
	GlobalSection(ProjectConfigurationPlatforms) = postSolution
		{CEF8B5E3-C81C-44AE-8483-AE4F2FF7819D}.Debug|Any CPU.ActiveCfg = Debug|Any CPU
		{CEF8B5E3-C81C-44AE-8483-AE4F2FF7819D}.Release|Any CPU.ActiveCfg = Release|Any CPU
	EndGlobalSection
	GlobalSection(SolutionProperties) = preSolution
		HideSolutionNode = FALSE
	EndGlobalSection
	GlobalSection(ExtensibilityGlobals) = postSolution
		SolutionGuid = {AC5D066C-4EEA-4A82-9142-2726AF591229}
	EndGlobalSection
EndGlobal
